
Microsoft Visual Studio Solution File, Format Version 12.00
# Visual Studio Version 16
VisualStudioVersion = 16.0.30709.132
MinimumVisualStudioVersion = 10.0.40219.1
Project("{9A19103F-16F7-4668-BE54-9A1E7A4F7556}") = "SimpleScriptLanguageCompiler.Core", "core\SimpleScriptLanguageCompiler.Core.csproj", "{834BFBD2-2F4F-4BA4-BD82-CC1C5F308882}"
EndProject
Project("{9A19103F-16F7-4668-BE54-9A1E7A4F7556}") = "SimpleScriptLanguageCompiler.LexicalAnalysis", "lexical_analyzer\SimpleScriptLanguageCompiler.LexicalAnalysis.csproj", "{EB594C2D-E5B5-442B-A5A6-F3D84DADEBF4}"
EndProject
Project("{9A19103F-16F7-4668-BE54-9A1E7A4F7556}") = "SimpleScriptLanguageCompiler.Tokens", "tokens\SimpleScriptLanguageCompiler.Tokens.csproj", "{D446E9D7-A689-45C8-A9E1-77BFD357433A}"
EndProject
Project("{9A19103F-16F7-4668-BE54-9A1E7A4F7556}") = "SimpleScriptLanguageCompiler.Common", "common\SimpleScriptLanguageCompiler.Common.csproj", "{A52BC033-92C2-47B7-9D82-3A33E21C23AB}"
EndProject
Project("{9A19103F-16F7-4668-BE54-9A1E7A4F7556}") = "SimpleScriptLanguageCompiler.LexicalAnalysis.Test", "lexical_analyzer_test\SimpleScriptLanguageCompiler.LexicalAnalysis.Test.csproj", "{44409A91-E4C9-4FAE-B384-FBBFB59D3E4D}"
EndProject
Project("{9A19103F-16F7-4668-BE54-9A1E7A4F7556}") = "SimpleScriptLanguageCompiler.SyntacticAnalysis", "parser\SimpleScriptLanguageCompiler.SyntacticAnalysis.csproj", "{5446FF43-A799-46B8-B4D7-21571C613D9A}"
EndProject
Project("{FAE04EC0-301F-11D3-BF4B-00C04F79EFBC}") = "SimpleScriptLanguageCompiler.SemanticAnalysis", "SimpleScriptLanguageCompiler.SemanticAnalysis\SimpleScriptLanguageCompiler.SemanticAnalysis.csproj", "{95D4BB89-F910-4D46-9738-E43D4005A79D}"
EndProject
Global
	GlobalSection(SolutionConfigurationPlatforms) = preSolution
		Debug|Any CPU = Debug|Any CPU
		Release|Any CPU = Release|Any CPU
	EndGlobalSection
	GlobalSection(ProjectConfigurationPlatforms) = postSolution
		{834BFBD2-2F4F-4BA4-BD82-CC1C5F308882}.Debug|Any CPU.ActiveCfg = Debug|Any CPU
		{834BFBD2-2F4F-4BA4-BD82-CC1C5F308882}.Debug|Any CPU.Build.0 = Debug|Any CPU
		{834BFBD2-2F4F-4BA4-BD82-CC1C5F308882}.Release|Any CPU.ActiveCfg = Release|Any CPU
		{834BFBD2-2F4F-4BA4-BD82-CC1C5F308882}.Release|Any CPU.Build.0 = Release|Any CPU
		{EB594C2D-E5B5-442B-A5A6-F3D84DADEBF4}.Debug|Any CPU.ActiveCfg = Debug|Any CPU
		{EB594C2D-E5B5-442B-A5A6-F3D84DADEBF4}.Debug|Any CPU.Build.0 = Debug|Any CPU
		{EB594C2D-E5B5-442B-A5A6-F3D84DADEBF4}.Release|Any CPU.ActiveCfg = Release|Any CPU
		{EB594C2D-E5B5-442B-A5A6-F3D84DADEBF4}.Release|Any CPU.Build.0 = Release|Any CPU
		{D446E9D7-A689-45C8-A9E1-77BFD357433A}.Debug|Any CPU.ActiveCfg = Debug|Any CPU
		{D446E9D7-A689-45C8-A9E1-77BFD357433A}.Debug|Any CPU.Build.0 = Debug|Any CPU
		{D446E9D7-A689-45C8-A9E1-77BFD357433A}.Release|Any CPU.ActiveCfg = Release|Any CPU
		{D446E9D7-A689-45C8-A9E1-77BFD357433A}.Release|Any CPU.Build.0 = Release|Any CPU
		{A52BC033-92C2-47B7-9D82-3A33E21C23AB}.Debug|Any CPU.ActiveCfg = Debug|Any CPU
		{A52BC033-92C2-47B7-9D82-3A33E21C23AB}.Debug|Any CPU.Build.0 = Debug|Any CPU
		{A52BC033-92C2-47B7-9D82-3A33E21C23AB}.Release|Any CPU.ActiveCfg = Release|Any CPU
		{A52BC033-92C2-47B7-9D82-3A33E21C23AB}.Release|Any CPU.Build.0 = Release|Any CPU
		{44409A91-E4C9-4FAE-B384-FBBFB59D3E4D}.Debug|Any CPU.ActiveCfg = Debug|Any CPU
		{44409A91-E4C9-4FAE-B384-FBBFB59D3E4D}.Debug|Any CPU.Build.0 = Debug|Any CPU
		{44409A91-E4C9-4FAE-B384-FBBFB59D3E4D}.Release|Any CPU.ActiveCfg = Release|Any CPU
		{44409A91-E4C9-4FAE-B384-FBBFB59D3E4D}.Release|Any CPU.Build.0 = Release|Any CPU
		{5446FF43-A799-46B8-B4D7-21571C613D9A}.Debug|Any CPU.ActiveCfg = Debug|Any CPU
		{5446FF43-A799-46B8-B4D7-21571C613D9A}.Debug|Any CPU.Build.0 = Debug|Any CPU
		{5446FF43-A799-46B8-B4D7-21571C613D9A}.Release|Any CPU.ActiveCfg = Release|Any CPU
		{5446FF43-A799-46B8-B4D7-21571C613D9A}.Release|Any CPU.Build.0 = Release|Any CPU
		{95D4BB89-F910-4D46-9738-E43D4005A79D}.Debug|Any CPU.ActiveCfg = Debug|Any CPU
		{95D4BB89-F910-4D46-9738-E43D4005A79D}.Debug|Any CPU.Build.0 = Debug|Any CPU
		{95D4BB89-F910-4D46-9738-E43D4005A79D}.Release|Any CPU.ActiveCfg = Release|Any CPU
		{95D4BB89-F910-4D46-9738-E43D4005A79D}.Release|Any CPU.Build.0 = Release|Any CPU
	EndGlobalSection
	GlobalSection(SolutionProperties) = preSolution
		HideSolutionNode = FALSE
	EndGlobalSection
	GlobalSection(ExtensibilityGlobals) = postSolution
		SolutionGuid = {FFA9150A-6249-47B3-BD9E-78422D1D88E5}
	EndGlobalSection
EndGlobal
